
Microsoft Visual Studio Solution File, Format Version 12.00
# Visual Studio 15
VisualStudioVersion = 15.0.27130.2003
MinimumVisualStudioVersion = 10.0.40219.1
Project("{FAE04EC0-301F-11D3-BF4B-00C04F79EFBC}") = "TextWindows", "TextWindows\TextWindows.csproj", "{BD49D22D-0908-4980-8052-C6EB426FBF97}"
EndProject
Project("{FAE04EC0-301F-11D3-BF4B-00C04F79EFBC}") = "Demo", "Demo\Demo.csproj", "{DABF5B70-9224-45F4-807C-4CC7C4EA524F}"
EndProject
Global
	GlobalSection(SolutionConfigurationPlatforms) = preSolution
		Debug|Any CPU = Debug|Any CPU
		Release|Any CPU = Release|Any CPU
	EndGlobalSection
	GlobalSection(ProjectConfigurationPlatforms) = postSolution
		{BD49D22D-0908-4980-8052-C6EB426FBF97}.Debug|Any CPU.ActiveCfg = Debug|Any CPU
		{BD49D22D-0908-4980-8052-C6EB426FBF97}.Debug|Any CPU.Build.0 = Debug|Any CPU
		{BD49D22D-0908-4980-8052-C6EB426FBF97}.Release|Any CPU.ActiveCfg = Release|Any CPU
		{BD49D22D-0908-4980-8052-C6EB426FBF97}.Release|Any CPU.Build.0 = Release|Any CPU
		{DABF5B70-9224-45F4-807C-4CC7C4EA524F}.Debug|Any CPU.ActiveCfg = Debug|Any CPU
		{DABF5B70-9224-45F4-807C-4CC7C4EA524F}.Debug|Any CPU.Build.0 = Debug|Any CPU
		{DABF5B70-9224-45F4-807C-4CC7C4EA524F}.Release|Any CPU.ActiveCfg = Release|Any CPU
		{DABF5B70-9224-45F4-807C-4CC7C4EA524F}.Release|Any CPU.Build.0 = Release|Any CPU
	EndGlobalSection
	GlobalSection(SolutionProperties) = preSolution
		HideSolutionNode = FALSE
	EndGlobalSection
	GlobalSection(ExtensibilityGlobals) = postSolution
		SolutionGuid = {B7A2B821-8FFF-4F83-A13A-B60715502C42}
	EndGlobalSection
EndGlobal
